// !$*UTF8*$!
{
	archiveVersion = 1;
	classes = {
	};
	objectVersion = 46;
	objects = {

/* Begin PBXBuildFile section */
		B89F90E31B56308200745914 /* main.m in Sources */ = {isa = PBXBuildFile; fileRef = B89F90E21B56308200745914 /* main.m */; };
		B89F90E61B56308200745914 /* AppDelegate.m in Sources */ = {isa = PBXBuildFile; fileRef = B89F90E51B56308200745914 /* AppDelegate.m */; };
		B89F90E91B56308200745914 /* ViewController.m in Sources */ = {isa = PBXBuildFile; fileRef = B89F90E81B56308200745914 /* ViewController.m */; };
		B89F90EC1B56308200745914 /* Main.storyboard in Resources */ = {isa = PBXBuildFile; fileRef = B89F90EA1B56308200745914 /* Main.storyboard */; };
		B89F90EE1B56308200745914 /* Images.xcassets in Resources */ = {isa = PBXBuildFile; fileRef = B89F90ED1B56308200745914 /* Images.xcassets */; };
		B89F90F11B56308200745914 /* LaunchScreen.xib in Resources */ = {isa = PBXBuildFile; fileRef = B89F90EF1B56308200745914 /* LaunchScreen.xib */; };
		B89F90FD1B56308200745914 /* RBChartTests.m in Sources */ = {isa = PBXBuildFile; fileRef = B89F90FC1B56308200745914 /* RBChartTests.m */; };
		B89F91191B5630F800745914 /* RBChart.m in Sources */ = {isa = PBXBuildFile; fileRef = B89F91181B5630F800745914 /* RBChart.m */; };
		B89F91251B56312C00745914 /* RBLineChart.m in Sources */ = {isa = PBXBuildFile; fileRef = B89F911C1B56312C00745914 /* RBLineChart.m */; };
		B89F91261B56312C00745914 /* RBLineChartDecorator.m in Sources */ = {isa = PBXBuildFile; fileRef = B89F911E1B56312C00745914 /* RBLineChartDecorator.m */; };
		B89F91271B56312C00745914 /* RBLineData.m in Sources */ = {isa = PBXBuildFile; fileRef = B89F91201B56312C00745914 /* RBLineData.m */; };
		B89F91281B56312C00745914 /* RBLineDecorator.m in Sources */ = {isa = PBXBuildFile; fileRef = B89F91221B56312C00745914 /* RBLineDecorator.m */; };
		B89F91291B56312C00745914 /* RBLineIndicator.m in Sources */ = {isa = PBXBuildFile; fileRef = B89F91241B56312C00745914 /* RBLineIndicator.m */; };
		B89F912C1B56325400745914 /* RBLineSolidNode.m in Sources */ = {isa = PBXBuildFile; fileRef = B89F912B1B56325400745914 /* RBLineSolidNode.m */; };
		B89F91331B56342400745914 /* RBLineHollowNode.m in Sources */ = {isa = PBXBuildFile; fileRef = B89F91321B56342400745914 /* RBLineHollowNode.m */; };
		B89F91371B56408800745914 /* RBBarChart.m in Sources */ = {isa = PBXBuildFile; fileRef = B89F91361B56408800745914 /* RBBarChart.m */; };
		B89F913A1B56410F00745914 /* RBBarDecorator.m in Sources */ = {isa = PBXBuildFile; fileRef = B89F91391B56410F00745914 /* RBBarDecorator.m */; };
		B89F913D1B56412400745914 /* RBBarData.m in Sources */ = {isa = PBXBuildFile; fileRef = B89F913C1B56412400745914 /* RBBarData.m */; };
		B89F91401B56425600745914 /* RBChartDecorator.m in Sources */ = {isa = PBXBuildFile; fileRef = B89F913F1B56425600745914 /* RBChartDecorator.m */; };
/* End PBXBuildFile section */

/* Begin PBXContainerItemProxy section */
		B89F90F71B56308200745914 /* PBXContainerItemProxy */ = {
			isa = PBXContainerItemProxy;
			containerPortal = B89F90D51B56308200745914 /* Project object */;
			proxyType = 1;
			remoteGlobalIDString = B89F90DC1B56308200745914;
			remoteInfo = RBChart;
		};
/* End PBXContainerItemProxy section */

/* Begin PBXFileReference section */
		B89F90DD1B56308200745914 /* RBChart.app */ = {isa = PBXFileReference; explicitFileType = wrapper.application; includeInIndex = 0; path = RBChart.app; sourceTree = BUILT_PRODUCTS_DIR; };
		B89F90E11B56308200745914 /* Info.plist */ = {isa = PBXFileReference; lastKnownFileType = text.plist.xml; path = Info.plist; sourceTree = "<group>"; };
		B89F90E21B56308200745914 /* main.m */ = {isa = PBXFileReference; lastKnownFileType = sourcecode.c.objc; path = main.m; sourceTree = "<group>"; };
		B89F90E41B56308200745914 /* AppDelegate.h */ = {isa = PBXFileReference; lastKnownFileType = sourcecode.c.h; path = AppDelegate.h; sourceTree = "<group>"; };
		B89F90E51B56308200745914 /* AppDelegate.m */ = {isa = PBXFileReference; lastKnownFileType = sourcecode.c.objc; path = AppDelegate.m; sourceTree = "<group>"; };
		B89F90E71B56308200745914 /* ViewController.h */ = {isa = PBXFileReference; lastKnownFileType = sourcecode.c.h; path = ViewController.h; sourceTree = "<group>"; };
		B89F90E81B56308200745914 /* ViewController.m */ = {isa = PBXFileReference; lastKnownFileType = sourcecode.c.objc; path = ViewController.m; sourceTree = "<group>"; };
		B89F90EB1B56308200745914 /* Base */ = {isa = PBXFileReference; lastKnownFileType = file.storyboard; name = Base; path = Base.lproj/Main.storyboard; sourceTree = "<group>"; };
		B89F90ED1B56308200745914 /* Images.xcassets */ = {isa = PBXFileReference; lastKnownFileType = folder.assetcatalog; path = Images.xcassets; sourceTree = "<group>"; };
		B89F90F01B56308200745914 /* Base */ = {isa = PBXFileReference; lastKnownFileType = file.xib; name = Base; path = Base.lproj/LaunchScreen.xib; sourceTree = "<group>"; };
		B89F90F61B56308200745914 /* RBChartTests.xctest */ = {isa = PBXFileReference; explicitFileType = wrapper.cfbundle; includeInIndex = 0; path = RBChartTests.xctest; sourceTree = BUILT_PRODUCTS_DIR; };
		B89F90FB1B56308200745914 /* Info.plist */ = {isa = PBXFileReference; lastKnownFileType = text.plist.xml; path = Info.plist; sourceTree = "<group>"; };
		B89F90FC1B56308200745914 /* RBChartTests.m */ = {isa = PBXFileReference; lastKnownFileType = sourcecode.c.objc; path = RBChartTests.m; sourceTree = "<group>"; };
		B89F91071B5630DD00745914 /* RBChartDefines.h */ = {isa = PBXFileReference; fileEncoding = 4; lastKnownFileType = sourcecode.c.h; path = RBChartDefines.h; sourceTree = "<group>"; };
		B89F91171B5630F800745914 /* RBChart.h */ = {isa = PBXFileReference; fileEncoding = 4; lastKnownFileType = sourcecode.c.h; path = RBChart.h; sourceTree = "<group>"; };
		B89F91181B5630F800745914 /* RBChart.m */ = {isa = PBXFileReference; fileEncoding = 4; lastKnownFileType = sourcecode.c.objc; path = RBChart.m; sourceTree = "<group>"; };
		B89F911B1B56312C00745914 /* RBLineChart.h */ = {isa = PBXFileReference; fileEncoding = 4; lastKnownFileType = sourcecode.c.h; path = RBLineChart.h; sourceTree = "<group>"; };
		B89F911C1B56312C00745914 /* RBLineChart.m */ = {isa = PBXFileReference; fileEncoding = 4; lastKnownFileType = sourcecode.c.objc; path = RBLineChart.m; sourceTree = "<group>"; };
		B89F911D1B56312C00745914 /* RBLineChartDecorator.h */ = {isa = PBXFileReference; fileEncoding = 4; lastKnownFileType = sourcecode.c.h; path = RBLineChartDecorator.h; sourceTree = "<group>"; };
		B89F911E1B56312C00745914 /* RBLineChartDecorator.m */ = {isa = PBXFileReference; fileEncoding = 4; lastKnownFileType = sourcecode.c.objc; path = RBLineChartDecorator.m; sourceTree = "<group>"; };
		B89F911F1B56312C00745914 /* RBLineData.h */ = {isa = PBXFileReference; fileEncoding = 4; lastKnownFileType = sourcecode.c.h; path = RBLineData.h; sourceTree = "<group>"; };
		B89F91201B56312C00745914 /* RBLineData.m */ = {isa = PBXFileReference; fileEncoding = 4; lastKnownFileType = sourcecode.c.objc; path = RBLineData.m; sourceTree = "<group>"; };
		B89F91211B56312C00745914 /* RBLineDecorator.h */ = {isa = PBXFileReference; fileEncoding = 4; lastKnownFileType = sourcecode.c.h; path = RBLineDecorator.h; sourceTree = "<group>"; };
		B89F91221B56312C00745914 /* RBLineDecorator.m */ = {isa = PBXFileReference; fileEncoding = 4; lastKnownFileType = sourcecode.c.objc; path = RBLineDecorator.m; sourceTree = "<group>"; };
		B89F91231B56312C00745914 /* RBLineIndicator.h */ = {isa = PBXFileReference; fileEncoding = 4; lastKnownFileType = sourcecode.c.h; path = RBLineIndicator.h; sourceTree = "<group>"; };
		B89F91241B56312C00745914 /* RBLineIndicator.m */ = {isa = PBXFileReference; fileEncoding = 4; lastKnownFileType = sourcecode.c.objc; path = RBLineIndicator.m; sourceTree = "<group>"; };
		B89F912A1B56325400745914 /* RBLineSolidNode.h */ = {isa = PBXFileReference; fileEncoding = 4; lastKnownFileType = sourcecode.c.h; path = RBLineSolidNode.h; sourceTree = "<group>"; };
		B89F912B1B56325400745914 /* RBLineSolidNode.m */ = {isa = PBXFileReference; fileEncoding = 4; lastKnownFileType = sourcecode.c.objc; path = RBLineSolidNode.m; sourceTree = "<group>"; };
		B89F91301B5632ED00745914 /* RBLineProtocol.h */ = {isa = PBXFileReference; fileEncoding = 4; lastKnownFileType = sourcecode.c.h; path = RBLineProtocol.h; sourceTree = "<group>"; };
		B89F91311B56342400745914 /* RBLineHollowNode.h */ = {isa = PBXFileReference; fileEncoding = 4; lastKnownFileType = sourcecode.c.h; path = RBLineHollowNode.h; sourceTree = "<group>"; };
		B89F91321B56342400745914 /* RBLineHollowNode.m */ = {isa = PBXFileReference; fileEncoding = 4; lastKnownFileType = sourcecode.c.objc; path = RBLineHollowNode.m; sourceTree = "<group>"; };
		B89F91351B56408800745914 /* RBBarChart.h */ = {isa = PBXFileReference; fileEncoding = 4; lastKnownFileType = sourcecode.c.h; path = RBBarChart.h; sourceTree = "<group>"; };
		B89F91361B56408800745914 /* RBBarChart.m */ = {isa = PBXFileReference; fileEncoding = 4; lastKnownFileType = sourcecode.c.objc; path = RBBarChart.m; sourceTree = "<group>"; };
		B89F91381B56410F00745914 /* RBBarDecorator.h */ = {isa = PBXFileReference; fileEncoding = 4; lastKnownFileType = sourcecode.c.h; path = RBBarDecorator.h; sourceTree = "<group>"; };
		B89F91391B56410F00745914 /* RBBarDecorator.m */ = {isa = PBXFileReference; fileEncoding = 4; lastKnownFileType = sourcecode.c.objc; path = RBBarDecorator.m; sourceTree = "<group>"; };
		B89F913B1B56412400745914 /* RBBarData.h */ = {isa = PBXFileReference; fileEncoding = 4; lastKnownFileType = sourcecode.c.h; path = RBBarData.h; sourceTree = "<group>"; };
		B89F913C1B56412400745914 /* RBBarData.m */ = {isa = PBXFileReference; fileEncoding = 4; lastKnownFileType = sourcecode.c.objc; path = RBBarData.m; sourceTree = "<group>"; };
		B89F913E1B56425600745914 /* RBChartDecorator.h */ = {isa = PBXFileReference; fileEncoding = 4; lastKnownFileType = sourcecode.c.h; path = RBChartDecorator.h; sourceTree = "<group>"; };
		B89F913F1B56425600745914 /* RBChartDecorator.m */ = {isa = PBXFileReference; fileEncoding = 4; lastKnownFileType = sourcecode.c.objc; path = RBChartDecorator.m; sourceTree = "<group>"; };
/* End PBXFileReference section */

/* Begin PBXFrameworksBuildPhase section */
		B89F90DA1B56308200745914 /* Frameworks */ = {
			isa = PBXFrameworksBuildPhase;
			buildActionMask = 2147483647;
			files = (
			);
			runOnlyForDeploymentPostprocessing = 0;
		};
		B89F90F31B56308200745914 /* Frameworks */ = {
			isa = PBXFrameworksBuildPhase;
			buildActionMask = 2147483647;
			files = (
			);
			runOnlyForDeploymentPostprocessing = 0;
		};
/* End PBXFrameworksBuildPhase section */

/* Begin PBXGroup section */
		B89F90D41B56308200745914 = {
			isa = PBXGroup;
			children = (
				B89F90DF1B56308200745914 /* RBChart */,
				B89F90F91B56308200745914 /* RBChartTests */,
				B89F90DE1B56308200745914 /* Products */,
			);
			sourceTree = "<group>";
		};
		B89F90DE1B56308200745914 /* Products */ = {
			isa = PBXGroup;
			children = (
				B89F90DD1B56308200745914 /* RBChart.app */,
				B89F90F61B56308200745914 /* RBChartTests.xctest */,
			);
			name = Products;
			sourceTree = "<group>";
		};
		B89F90DF1B56308200745914 /* RBChart */ = {
			isa = PBXGroup;
			children = (
				B89F91061B5630DD00745914 /* RBChart */,
				B89F90E41B56308200745914 /* AppDelegate.h */,
				B89F90E51B56308200745914 /* AppDelegate.m */,
				B89F90E71B56308200745914 /* ViewController.h */,
				B89F90E81B56308200745914 /* ViewController.m */,
				B89F90EA1B56308200745914 /* Main.storyboard */,
				B89F90ED1B56308200745914 /* Images.xcassets */,
				B89F90EF1B56308200745914 /* LaunchScreen.xib */,
				B89F90E01B56308200745914 /* Supporting Files */,
			);
			path = RBChart;
			sourceTree = "<group>";
		};
		B89F90E01B56308200745914 /* Supporting Files */ = {
			isa = PBXGroup;
			children = (
				B89F90E11B56308200745914 /* Info.plist */,
				B89F90E21B56308200745914 /* main.m */,
			);
			name = "Supporting Files";
			sourceTree = "<group>";
		};
		B89F90F91B56308200745914 /* RBChartTests */ = {
			isa = PBXGroup;
			children = (
				B89F90FC1B56308200745914 /* RBChartTests.m */,
				B89F90FA1B56308200745914 /* Supporting Files */,
			);
			path = RBChartTests;
			sourceTree = "<group>";
		};
		B89F90FA1B56308200745914 /* Supporting Files */ = {
			isa = PBXGroup;
			children = (
				B89F90FB1B56308200745914 /* Info.plist */,
			);
			name = "Supporting Files";
			sourceTree = "<group>";
		};
		B89F91061B5630DD00745914 /* RBChart */ = {
			isa = PBXGroup;
			children = (
				B89F91071B5630DD00745914 /* RBChartDefines.h */,
				B89F91171B5630F800745914 /* RBChart.h */,
				B89F91181B5630F800745914 /* RBChart.m */,
				B89F913E1B56425600745914 /* RBChartDecorator.h */,
				B89F913F1B56425600745914 /* RBChartDecorator.m */,
				B89F91341B56407800745914 /* RBBarChart */,
				B89F911A1B56310D00745914 /* RBLineChart */,
			);
			path = RBChart;
			sourceTree = "<group>";
		};
		B89F911A1B56310D00745914 /* RBLineChart */ = {
			isa = PBXGroup;
			children = (
				B89F91301B5632ED00745914 /* RBLineProtocol.h */,
				B89F911B1B56312C00745914 /* RBLineChart.h */,
				B89F911C1B56312C00745914 /* RBLineChart.m */,
				B89F911D1B56312C00745914 /* RBLineChartDecorator.h */,
				B89F911E1B56312C00745914 /* RBLineChartDecorator.m */,
				B89F911F1B56312C00745914 /* RBLineData.h */,
				B89F91201B56312C00745914 /* RBLineData.m */,
				B89F91211B56312C00745914 /* RBLineDecorator.h */,
				B89F91221B56312C00745914 /* RBLineDecorator.m */,
				B89F91231B56312C00745914 /* RBLineIndicator.h */,
				B89F91241B56312C00745914 /* RBLineIndicator.m */,
				B89F912A1B56325400745914 /* RBLineSolidNode.h */,
				B89F912B1B56325400745914 /* RBLineSolidNode.m */,
				B89F91311B56342400745914 /* RBLineHollowNode.h */,
				B89F91321B56342400745914 /* RBLineHollowNode.m */,
			);
			path = RBLineChart;
			sourceTree = "<group>";
		};
		B89F91341B56407800745914 /* RBBarChart */ = {
			isa = PBXGroup;
			children = (
				B89F91351B56408800745914 /* RBBarChart.h */,
				B89F91361B56408800745914 /* RBBarChart.m */,
				B89F91381B56410F00745914 /* RBBarDecorator.h */,
				B89F91391B56410F00745914 /* RBBarDecorator.m */,
				B89F913B1B56412400745914 /* RBBarData.h */,
				B89F913C1B56412400745914 /* RBBarData.m */,
			);
			path = RBBarChart;
			sourceTree = "<group>";
		};
/* End PBXGroup section */

/* Begin PBXNativeTarget section */
		B89F90DC1B56308200745914 /* RBChart */ = {
			isa = PBXNativeTarget;
			buildConfigurationList = B89F91001B56308200745914 /* Build configuration list for PBXNativeTarget "RBChart" */;
			buildPhases = (
				B89F90D91B56308200745914 /* Sources */,
				B89F90DA1B56308200745914 /* Frameworks */,
				B89F90DB1B56308200745914 /* Resources */,
			);
			buildRules = (
			);
			dependencies = (
			);
			name = RBChart;
			productName = RBChart;
			productReference = B89F90DD1B56308200745914 /* RBChart.app */;
			productType = "com.apple.product-type.application";
		};
		B89F90F51B56308200745914 /* RBChartTests */ = {
			isa = PBXNativeTarget;
			buildConfigurationList = B89F91031B56308200745914 /* Build configuration list for PBXNativeTarget "RBChartTests" */;
			buildPhases = (
				B89F90F21B56308200745914 /* Sources */,
				B89F90F31B56308200745914 /* Frameworks */,
				B89F90F41B56308200745914 /* Resources */,
			);
			buildRules = (
			);
			dependencies = (
				B89F90F81B56308200745914 /* PBXTargetDependency */,
			);
			name = RBChartTests;
			productName = RBChartTests;
			productReference = B89F90F61B56308200745914 /* RBChartTests.xctest */;
			productType = "com.apple.product-type.bundle.unit-test";
		};
/* End PBXNativeTarget section */

/* Begin PBXProject section */
		B89F90D51B56308200745914 /* Project object */ = {
			isa = PBXProject;
			attributes = {
				LastUpgradeCheck = 0640;
				ORGANIZATIONNAME = rainbow;
				TargetAttributes = {
					B89F90DC1B56308200745914 = {
						CreatedOnToolsVersion = 6.4;
					};
					B89F90F51B56308200745914 = {
						CreatedOnToolsVersion = 6.4;
						TestTargetID = B89F90DC1B56308200745914;
					};
				};
			};
			buildConfigurationList = B89F90D81B56308200745914 /* Build configuration list for PBXProject "RBChart" */;
			compatibilityVersion = "Xcode 3.2";
			developmentRegion = English;
			hasScannedForEncodings = 0;
			knownRegions = (
				en,
				Base,
			);
			mainGroup = B89F90D41B56308200745914;
			productRefGroup = B89F90DE1B56308200745914 /* Products */;
			projectDirPath = "";
			projectRoot = "";
			targets = (
				B89F90DC1B56308200745914 /* RBChart */,
				B89F90F51B56308200745914 /* RBChartTests */,
			);
		};
/* End PBXProject section */

/* Begin PBXResourcesBuildPhase section */
		B89F90DB1B56308200745914 /* Resources */ = {
			isa = PBXResourcesBuildPhase;
			buildActionMask = 2147483647;
			files = (
				B89F90EC1B56308200745914 /* Main.storyboard in Resources */,
				B89F90F11B56308200745914 /* LaunchScreen.xib in Resources */,
				B89F90EE1B56308200745914 /* Images.xcassets in Resources */,
			);
			runOnlyForDeploymentPostprocessing = 0;
		};
		B89F90F41B56308200745914 /* Resources */ = {
			isa = PBXResourcesBuildPhase;
			buildActionMask = 2147483647;
			files = (
			);
			runOnlyForDeploymentPostprocessing = 0;
		};
/* End PBXResourcesBuildPhase section */

/* Begin PBXSourcesBuildPhase section */
		B89F90D91B56308200745914 /* Sources */ = {
			isa = PBXSourcesBuildPhase;
			buildActionMask = 2147483647;
			files = (
				B89F91251B56312C00745914 /* RBLineChart.m in Sources */,
				B89F913D1B56412400745914 /* RBBarData.m in Sources */,
				B89F90E91B56308200745914 /* ViewController.m in Sources */,
				B89F91271B56312C00745914 /* RBLineData.m in Sources */,
				B89F91331B56342400745914 /* RBLineHollowNode.m in Sources */,
				B89F91281B56312C00745914 /* RBLineDecorator.m in Sources */,
				B89F91291B56312C00745914 /* RBLineIndicator.m in Sources */,
				B89F91371B56408800745914 /* RBBarChart.m in Sources */,
				B89F91261B56312C00745914 /* RBLineChartDecorator.m in Sources */,
				B89F91401B56425600745914 /* RBChartDecorator.m in Sources */,
				B89F90E61B56308200745914 /* AppDelegate.m in Sources */,
				B89F90E31B56308200745914 /* main.m in Sources */,
				B89F91191B5630F800745914 /* RBChart.m in Sources */,
				B89F913A1B56410F00745914 /* RBBarDecorator.m in Sources */,
				B89F912C1B56325400745914 /* RBLineSolidNode.m in Sources */,
			);
			runOnlyForDeploymentPostprocessing = 0;
		};
		B89F90F21B56308200745914 /* Sources */ = {
			isa = PBXSourcesBuildPhase;
			buildActionMask = 2147483647;
			files = (
				B89F90FD1B56308200745914 /* RBChartTests.m in Sources */,
			);
			runOnlyForDeploymentPostprocessing = 0;
		};
/* End PBXSourcesBuildPhase section */

/* Begin PBXTargetDependency section */
		B89F90F81B56308200745914 /* PBXTargetDependency */ = {
			isa = PBXTargetDependency;
			target = B89F90DC1B56308200745914 /* RBChart */;
			targetProxy = B89F90F71B56308200745914 /* PBXContainerItemProxy */;
		};
/* End PBXTargetDependency section */

/* Begin PBXVariantGroup section */
		B89F90EA1B56308200745914 /* Main.storyboard */ = {
			isa = PBXVariantGroup;
			children = (
				B89F90EB1B56308200745914 /* Base */,
			);
			name = Main.storyboard;
			sourceTree = "<group>";
		};
		B89F90EF1B56308200745914 /* LaunchScreen.xib */ = {
			isa = PBXVariantGroup;
			children = (
				B89F90F01B56308200745914 /* Base */,
			);
			name = LaunchScreen.xib;
			sourceTree = "<group>";
		};
/* End PBXVariantGroup section */

/* Begin XCBuildConfiguration section */
		B89F90FE1B56308200745914 /* Debug */ = {
			isa = XCBuildConfiguration;
			buildSettings = {
				ALWAYS_SEARCH_USER_PATHS = NO;
				CLANG_CXX_LANGUAGE_STANDARD = "gnu++0x";
				CLANG_CXX_LIBRARY = "libc++";
				CLANG_ENABLE_MODULES = YES;
				CLANG_ENABLE_OBJC_ARC = YES;
				CLANG_WARN_BOOL_CONVERSION = YES;
				CLANG_WARN_CONSTANT_CONVERSION = YES;
				CLANG_WARN_DIRECT_OBJC_ISA_USAGE = YES_ERROR;
				CLANG_WARN_EMPTY_BODY = YES;
				CLANG_WARN_ENUM_CONVERSION = YES;
				CLANG_WARN_INT_CONVERSION = YES;
				CLANG_WARN_OBJC_ROOT_CLASS = YES_ERROR;
				CLANG_WARN_UNREACHABLE_CODE = YES;
				CLANG_WARN__DUPLICATE_METHOD_MATCH = YES;
				"CODE_SIGN_IDENTITY[sdk=iphoneos*]" = "iPhone Developer";
				COPY_PHASE_STRIP = NO;
				DEBUG_INFORMATION_FORMAT = "dwarf-with-dsym";
				ENABLE_STRICT_OBJC_MSGSEND = YES;
				GCC_C_LANGUAGE_STANDARD = gnu99;
				GCC_DYNAMIC_NO_PIC = NO;
				GCC_NO_COMMON_BLOCKS = YES;
				GCC_OPTIMIZATION_LEVEL = 0;
				GCC_PREPROCESSOR_DEFINITIONS = (
					"DEBUG=1",
					"$(inherited)",
				);
				GCC_SYMBOLS_PRIVATE_EXTERN = NO;
				GCC_WARN_64_TO_32_BIT_CONVERSION = YES;
				GCC_WARN_ABOUT_RETURN_TYPE = YES_ERROR;
				GCC_WARN_UNDECLARED_SELECTOR = YES;
				GCC_WARN_UNINITIALIZED_AUTOS = YES_AGGRESSIVE;
				GCC_WARN_UNUSED_FUNCTION = YES;
				GCC_WARN_UNUSED_VARIABLE = YES;
				IPHONEOS_DEPLOYMENT_TARGET = 8.4;
				MTL_ENABLE_DEBUG_INFO = YES;
				ONLY_ACTIVE_ARCH = YES;
				SDKROOT = iphoneos;
			};
			name = Debug;
		};
		B89F90FF1B56308200745914 /* Release */ = {
			isa = XCBuildConfiguration;
			buildSettings = {
				ALWAYS_SEARCH_USER_PATHS = NO;
				CLANG_CXX_LANGUAGE_STANDARD = "gnu++0x";
				CLANG_CXX_LIBRARY = "libc++";
				CLANG_ENABLE_MODULES = YES;
				CLANG_ENABLE_OBJC_ARC = YES;
				CLANG_WARN_BOOL_CONVERSION = YES;
				CLANG_WARN_CONSTANT_CONVERSION = YES;
				CLANG_WARN_DIRECT_OBJC_ISA_USAGE = YES_ERROR;
				CLANG_WARN_EMPTY_BODY = YES;
				CLANG_WARN_ENUM_CONVERSION = YES;
				CLANG_WARN_INT_CONVERSION = YES;
				CLANG_WARN_OBJC_ROOT_CLASS = YES_ERROR;
				CLANG_WARN_UNREACHABLE_CODE = YES;
				CLANG_WARN__DUPLICATE_METHOD_MATCH = YES;
				"CODE_SIGN_IDENTITY[sdk=iphoneos*]" = "iPhone Developer";
				COPY_PHASE_STRIP = NO;
				DEBUG_INFORMATION_FORMAT = "dwarf-with-dsym";
				ENABLE_NS_ASSERTIONS = NO;
				ENABLE_STRICT_OBJC_MSGSEND = YES;
				GCC_C_LANGUAGE_STANDARD = gnu99;
				GCC_NO_COMMON_BLOCKS = YES;
				GCC_WARN_64_TO_32_BIT_CONVERSION = YES;
				GCC_WARN_ABOUT_RETURN_TYPE = YES_ERROR;
				GCC_WARN_UNDECLARED_SELECTOR = YES;
				GCC_WARN_UNINITIALIZED_AUTOS = YES_AGGRESSIVE;
				GCC_WARN_UNUSED_FUNCTION = YES;
				GCC_WARN_UNUSED_VARIABLE = YES;
				IPHONEOS_DEPLOYMENT_TARGET = 8.4;
				MTL_ENABLE_DEBUG_INFO = NO;
				SDKROOT = iphoneos;
				VALIDATE_PRODUCT = YES;
			};
			name = Release;
		};
		B89F91011B56308200745914 /* Debug */ = {
			isa = XCBuildConfiguration;
			buildSettings = {
				ASSETCATALOG_COMPILER_APPICON_NAME = AppIcon;
				INFOPLIST_FILE = RBChart/Info.plist;
				LD_RUNPATH_SEARCH_PATHS = "$(inherited) @executable_path/Frameworks";
				PRODUCT_NAME = "$(TARGET_NAME)";
			};
			name = Debug;
		};
		B89F91021B56308200745914 /* Release */ = {
			isa = XCBuildConfiguration;
			buildSettings = {
				ASSETCATALOG_COMPILER_APPICON_NAME = AppIcon;
				INFOPLIST_FILE = RBChart/Info.plist;
				LD_RUNPATH_SEARCH_PATHS = "$(inherited) @executable_path/Frameworks";
				PRODUCT_NAME = "$(TARGET_NAME)";
			};
			name = Release;
		};
		B89F91041B56308200745914 /* Debug */ = {
			isa = XCBuildConfiguration;
			buildSettings = {
				BUNDLE_LOADER = "$(TEST_HOST)";
				FRAMEWORK_SEARCH_PATHS = (
					"$(SDKROOT)/Developer/Library/Frameworks",
					"$(inherited)",
				);
				GCC_PREPROCESSOR_DEFINITIONS = (
					"DEBUG=1",
					"$(inherited)",
				);
				INFOPLIST_FILE = RBChartTests/Info.plist;
				LD_RUNPATH_SEARCH_PATHS = "$(inherited) @executable_path/Frameworks @loader_path/Frameworks";
				PRODUCT_NAME = "$(TARGET_NAME)";
				TEST_HOST = "$(BUILT_PRODUCTS_DIR)/RBChart.app/RBChart";
			};
			name = Debug;
		};
		B89F91051B56308200745914 /* Release */ = {
			isa = XCBuildConfiguration;
			buildSettings = {
				BUNDLE_LOADER = "$(TEST_HOST)";
				FRAMEWORK_SEARCH_PATHS = (
					"$(SDKROOT)/Developer/Library/Frameworks",
					"$(inherited)",
				);
				INFOPLIST_FILE = RBChartTests/Info.plist;
				LD_RUNPATH_SEARCH_PATHS = "$(inherited) @executable_path/Frameworks @loader_path/Frameworks";
				PRODUCT_NAME = "$(TARGET_NAME)";
				TEST_HOST = "$(BUILT_PRODUCTS_DIR)/RBChart.app/RBChart";
			};
			name = Release;
		};
/* End XCBuildConfiguration section */

/* Begin XCConfigurationList section */
		B89F90D81B56308200745914 /* Build configuration list for PBXProject "RBChart" */ = {
			isa = XCConfigurationList;
			buildConfigurations = (
				B89F90FE1B56308200745914 /* Debug */,
				B89F90FF1B56308200745914 /* Release */,
			);
			defaultConfigurationIsVisible = 0;
			defaultConfigurationName = Release;
		};
		B89F91001B56308200745914 /* Build configuration list for PBXNativeTarget "RBChart" */ = {
			isa = XCConfigurationList;
			buildConfigurations = (
				B89F91011B56308200745914 /* Debug */,
				B89F91021B56308200745914 /* Release */,
			);
			defaultConfigurationIsVisible = 0;
		};
		B89F91031B56308200745914 /* Build configuration list for PBXNativeTarget "RBChartTests" */ = {
			isa = XCConfigurationList;
			buildConfigurations = (
				B89F91041B56308200745914 /* Debug */,
				B89F91051B56308200745914 /* Release */,
			);
			defaultConfigurationIsVisible = 0;
		};
/* End XCConfigurationList section */
	};
	rootObject = B89F90D51B56308200745914 /* Project object */;
}
